{
  "dependencies": {
    "github": {
      "version": "0.2.3"
    },
    "ssh2-connect": {
      "version": "0.0.4",
      "dependencies": {
        "camelize": {
          "version": "1.0.0"
        },
        "ssh2": {
          "version": "0.3.6",
          "dependencies": {
            "readable-stream": {
              "version": "1.0.27-1",
              "dependencies": {
                "core-util-is": {
                  "version": "1.0.1"
                },
                "isarray": {
                  "version": "0.0.1"
                },
                "string_decoder": {
                  "version": "0.10.31"
                },
                "inherits": {
                  "version": "2.0.1"
                }
              }
            },
            "streamsearch": {
              "version": "0.1.2"
            },
            "asn1": {
              "version": "0.2.1"
            }
          }
        }
      }
    }
  }
}
